# generated by rho-pkg; do not edit
[package]
name = "fixture-app"
version = "0.1.0"

[package.0]
name = "mathx"
version = "0.1.0"
kind = "path"
path = "vendor/mathx"
location = "vendor/mathx"

[package.1]
name = "strlib"
version = "0.1.0"
kind = "git"
url = "https://rho-fixture.local/strlib"
rev = "0d744dc6dc4f4d0da72fe7e1c63cfd027e914939"
location = "vendor/strlib"

[package.2]
name = "strs"
version = "0.1.0"
kind = "path"
path = "vendor/strs"
location = "vendor/mathx/vendor/strs"
