# generated by rho-pkg; do not edit
[package]
name = "fixture-app"
version = "0.1.0"

[package.0]
name = "mathx"
version = "0.1.0"
kind = "path"
path = "vendor/mathx"
location = "vendor/mathx"

[package.1]
name = "strlib"
version = "0.1.0"
kind = "git"
url = "https://rho-fixture.local/strlib"
rev = "fae685b13126201f6ea3331475825d8e83a1b1a2"
location = "vendor/strlib"

[package.2]
name = "strs"
version = "0.1.0"
kind = "path"
path = "vendor/strs"
location = "vendor/mathx/vendor/strs"
